# THIS IS AN AUTOGENERATED FILE. DO NOT EDIT THIS FILE DIRECTLY.
# yarn lockfile v1
jquery@>=1.7:
  version "3.2.1"
  resolved "https://registry.yarnpkg.com/jquery/-/jquery-3.2.1.tgz#5c4d9de652af6cd0a770154a631bba12b015c787"

paginatejs:
  version "0.1.0"
  resolved "https://registry.yarnpkg.com/paginatejs/-/paginatejs-0.1.0.tgz#87197e4d80aa9a1700b23a9e4308c5af1d75ea97"

twbs-pagination:
  version "1.4.1"
  resolved "https://registry.yarnpkg.com/twbs-pagination/-/twbs-pagination-1.4.1.tgz#f17eb6db540fe051bc878665aa4dc628ee4fc81c"
  dependencies:
    jquery ">=1.7"

